
Microsoft Visual Studio Solution File, Format Version 12.00
# Visual Studio Version 16
VisualStudioVersion = 16.0.30804.86
MinimumVisualStudioVersion = 10.0.40219.1
Project("{FAE04EC0-301F-11D3-BF4B-00C04F79EFBC}") = "DATA", "DATA\DATA.csproj", "{B7D39878-2B71-4181-88B7-C0307AFBAB1B}"
EndProject
Global
	GlobalSection(SolutionConfigurationPlatforms) = preSolution
		Debug|Any CPU = Debug|Any CPU
		Release|Any CPU = Release|Any CPU
	EndGlobalSection
	GlobalSection(ProjectConfigurationPlatforms) = postSolution
		{B7D39878-2B71-4181-88B7-C0307AFBAB1B}.Debug|Any CPU.ActiveCfg = Debug|Any CPU
		{B7D39878-2B71-4181-88B7-C0307AFBAB1B}.Debug|Any CPU.Build.0 = Debug|Any CPU
		{B7D39878-2B71-4181-88B7-C0307AFBAB1B}.Release|Any CPU.ActiveCfg = Release|Any CPU
		{B7D39878-2B71-4181-88B7-C0307AFBAB1B}.Release|Any CPU.Build.0 = Release|Any CPU
	EndGlobalSection
	GlobalSection(SolutionProperties) = preSolution
		HideSolutionNode = FALSE
	EndGlobalSection
	GlobalSection(ExtensibilityGlobals) = postSolution
		SolutionGuid = {14E52398-88D0-4426-B980-30D11813834F}
	EndGlobalSection
EndGlobal
